
Microsoft Visual Studio Solution File, Format Version 12.00
# Visual Studio Version 16
VisualStudioVersion = 16.0.30413.136
MinimumVisualStudioVersion = 10.0.40219.1
Project("{8BC9CEB8-8B4A-11D0-8D11-00A0C91BC942}") = "Tree", "Tree.vcxproj", "{677ADF43-EC7E-48D0-8325-7D53A4D4EC39}"
EndProject
Global
	GlobalSection(SolutionConfigurationPlatforms) = preSolution
		Debug|x64 = Debug|x64
		Debug|x86 = Debug|x86
		Release|x64 = Release|x64
		Release|x86 = Release|x86
	EndGlobalSection
	GlobalSection(ProjectConfigurationPlatforms) = postSolution
		{677ADF43-EC7E-48D0-8325-7D53A4D4EC39}.Debug|x64.ActiveCfg = Debug|x64
		{677ADF43-EC7E-48D0-8325-7D53A4D4EC39}.Debug|x64.Build.0 = Debug|x64
		{677ADF43-EC7E-48D0-8325-7D53A4D4EC39}.Debug|x86.ActiveCfg = Debug|Win32
		{677ADF43-EC7E-48D0-8325-7D53A4D4EC39}.Debug|x86.Build.0 = Debug|Win32
		{677ADF43-EC7E-48D0-8325-7D53A4D4EC39}.Release|x64.ActiveCfg = Release|x64
		{677ADF43-EC7E-48D0-8325-7D53A4D4EC39}.Release|x64.Build.0 = Release|x64
		{677ADF43-EC7E-48D0-8325-7D53A4D4EC39}.Release|x86.ActiveCfg = Release|Win32
		{677ADF43-EC7E-48D0-8325-7D53A4D4EC39}.Release|x86.Build.0 = Release|Win32
	EndGlobalSection
	GlobalSection(SolutionProperties) = preSolution
		HideSolutionNode = FALSE
	EndGlobalSection
	GlobalSection(ExtensibilityGlobals) = postSolution
		SolutionGuid = {749C5436-953E-4A23-8A80-7079EAF63CFD}
	EndGlobalSection
EndGlobal
